
Microsoft Visual Studio Solution File, Format Version 12.00
# Visual Studio Version 17
VisualStudioVersion = 17.8.34316.72
MinimumVisualStudioVersion = 10.0.40219.1
Project("{8BC9CEB8-8B4A-11D0-8D11-00A0C91BC942}") = "Exercice 4", "Exercice 4\Exercice 4.vcxproj", "{04AD1152-D3A3-40A7-95AA-186FEE9981BC}"
EndProject
Global
	GlobalSection(SolutionConfigurationPlatforms) = preSolution
		Debug|x64 = Debug|x64
		Debug|x86 = Debug|x86
		Release|x64 = Release|x64
		Release|x86 = Release|x86
	EndGlobalSection
	GlobalSection(ProjectConfigurationPlatforms) = postSolution
		{04AD1152-D3A3-40A7-95AA-186FEE9981BC}.Debug|x64.ActiveCfg = Debug|x64
		{04AD1152-D3A3-40A7-95AA-186FEE9981BC}.Debug|x64.Build.0 = Debug|x64
		{04AD1152-D3A3-40A7-95AA-186FEE9981BC}.Debug|x86.ActiveCfg = Debug|Win32
		{04AD1152-D3A3-40A7-95AA-186FEE9981BC}.Debug|x86.Build.0 = Debug|Win32
		{04AD1152-D3A3-40A7-95AA-186FEE9981BC}.Release|x64.ActiveCfg = Release|x64
		{04AD1152-D3A3-40A7-95AA-186FEE9981BC}.Release|x64.Build.0 = Release|x64
		{04AD1152-D3A3-40A7-95AA-186FEE9981BC}.Release|x86.ActiveCfg = Release|Win32
		{04AD1152-D3A3-40A7-95AA-186FEE9981BC}.Release|x86.Build.0 = Release|Win32
	EndGlobalSection
	GlobalSection(SolutionProperties) = preSolution
		HideSolutionNode = FALSE
	EndGlobalSection
	GlobalSection(ExtensibilityGlobals) = postSolution
		SolutionGuid = {CBA8AF91-4DF0-4183-87F5-D94CA44730DE}
	EndGlobalSection
EndGlobal
